50
1
fv
es
species
BS
notes
2
fv
es
species
BS
notes
3
fv
es
species
BS
notes
4
fv
es
species
test
notesa
5
fv
es
species
BV
notesb
6
fv
es
species
GR
notesc
7
fv
s
spe
BY
d
8
fv
s
sp
CO
e
9
fv
s
s
LW
f
10
fv
s
c
BO
g
11
fv
s
c
SM
h
12
fv
s
c
BR
i
13
fv
s
c
LI
j
14
f
s
c
RR
k
15
f
s
c
AN
l
16
f
s
c
WA
m
17
f
s
c
other
n
18
f
s
c
other
o
19
f
s
c
other
p
20
f
s
c
other
q
21
f
s
c
other
r
22
f
s
c
LI
s
23
f
s
c
LI
t
24
f
s
c
BO
u
25
f
s
c
BR
v
26
f
s
c
GR
w
27
f
s
c
BY
x
28
f
s
c
BY
y
29
f
s
c
BY
z
30
f
s
c
BY
a
31
f
s
c
GR
de
32
f
s
c
GR
e
33
f
s
c
GR
d
34
f
s
c
GR
d
35
f
s
c
GR
g
36
f
s
c
WA
e
37
f
s
c
WA
s
38
f
s
c
WA
d
39
f
s
c
GR
f
40
f
s
c
GR
r
41
f
s
c
GR
e
42
f
s
c
GR
gh
43
f
s
c
WA
df
44
f
s
c
WA
ds
45
f
s
c
WA
s
46
f
s
c
WA
d
47
f
s
c
WA
e
48
f
s
c
WA
s
49
f
s
c
WA
d
50
f
s
c
WA
f
Line-Point Intercept Testing
Test Transect
08/27/2019
Left End
Right End
m
06:00
18:00